
Microsoft Visual Studio Solution File, Format Version 11.00
# Visual Studio 2010
Project("{FAE04EC0-301F-11D3-BF4B-00C04F79EFBC}") = "Rodar la pelota", "Assembly-CSharp.csproj", "{DFCAD450-2190-5317-1353-3339459B252C}"
EndProject
Global
	GlobalSection(SolutionConfigurationPlatforms) = preSolution
		Debug|Any CPU = Debug|Any CPU
		Release|Any CPU = Release|Any CPU
	EndGlobalSection
	GlobalSection(ProjectConfigurationPlatforms) = postSolution
		{DFCAD450-2190-5317-1353-3339459B252C}.Debug|Any CPU.ActiveCfg = Debug|Any CPU
		{DFCAD450-2190-5317-1353-3339459B252C}.Debug|Any CPU.Build.0 = Debug|Any CPU
		{DFCAD450-2190-5317-1353-3339459B252C}.Release|Any CPU.ActiveCfg = Release|Any CPU
		{DFCAD450-2190-5317-1353-3339459B252C}.Release|Any CPU.Build.0 = Release|Any CPU
	EndGlobalSection
	GlobalSection(SolutionProperties) = preSolution
		HideSolutionNode = FALSE
	EndGlobalSection
	GlobalSection(MonoDevelopProperties) = preSolution
		StartupItem = Assembly-CSharp.csproj
	EndGlobalSection
EndGlobal
